// !$*UTF8*$!
{
	archiveVersion = 1;
	classes = {
	};
	objectVersion = 56;
	objects = {

/* Begin PBXBuildFile section */
		9A986DE42AAAED0700F3A95E /* AppDelegate.swift in Sources */ = {isa = PBXBuildFile; fileRef = 9A986DE32AAAED0700F3A95E /* AppDelegate.swift */; };
		9A986DE62AAAED0700F3A95E /* SceneDelegate.swift in Sources */ = {isa = PBXBuildFile; fileRef = 9A986DE52AAAED0700F3A95E /* SceneDelegate.swift */; };
		9A986DE82AAAED0700F3A95E /* ViewController.swift in Sources */ = {isa = PBXBuildFile; fileRef = 9A986DE72AAAED0700F3A95E /* ViewController.swift */; };
		9A986DEB2AAAED0700F3A95E /* Main.storyboard in Resources */ = {isa = PBXBuildFile; fileRef = 9A986DE92AAAED0700F3A95E /* Main.storyboard */; };
		9A986DED2AAAED0800F3A95E /* Assets.xcassets in Resources */ = {isa = PBXBuildFile; fileRef = 9A986DEC2AAAED0800F3A95E /* Assets.xcassets */; };
		9A986DF02AAAED0800F3A95E /* LaunchScreen.storyboard in Resources */ = {isa = PBXBuildFile; fileRef = 9A986DEE2AAAED0800F3A95E /* LaunchScreen.storyboard */; };
		9A986DFB2AAAED0800F3A95E /* KeysocTests.swift in Sources */ = {isa = PBXBuildFile; fileRef = 9A986DFA2AAAED0800F3A95E /* KeysocTests.swift */; };
		9A986E052AAAED0800F3A95E /* KeysocUITests.swift in Sources */ = {isa = PBXBuildFile; fileRef = 9A986E042AAAED0800F3A95E /* KeysocUITests.swift */; };
		9A986E072AAAED0800F3A95E /* KeysocUITestsLaunchTests.swift in Sources */ = {isa = PBXBuildFile; fileRef = 9A986E062AAAED0800F3A95E /* KeysocUITestsLaunchTests.swift */; };
		9A986E142AAAEEDF00F3A95E /* searchViewController.swift in Sources */ = {isa = PBXBuildFile; fileRef = 9A986E132AAAEEDF00F3A95E /* searchViewController.swift */; };
		9A986E172AAAF05E00F3A95E /* songObject.swift in Sources */ = {isa = PBXBuildFile; fileRef = 9A986E162AAAF05E00F3A95E /* songObject.swift */; };
		9A986E192AAB0D2800F3A95E /* favViewController.swift in Sources */ = {isa = PBXBuildFile; fileRef = 9A986E182AAB0D2800F3A95E /* favViewController.swift */; };
		9A986E1B2AAB1A1700F3A95E /* filterViewController.swift in Sources */ = {isa = PBXBuildFile; fileRef = 9A986E1A2AAB1A1700F3A95E /* filterViewController.swift */; };
/* End PBXBuildFile section */

/* Begin PBXContainerItemProxy section */
		9A986DF72AAAED0800F3A95E /* PBXContainerItemProxy */ = {
			isa = PBXContainerItemProxy;
			containerPortal = 9A986DD82AAAED0700F3A95E /* Project object */;
			proxyType = 1;
			remoteGlobalIDString = 9A986DDF2AAAED0700F3A95E;
			remoteInfo = Keysoc;
		};
		9A986E012AAAED0800F3A95E /* PBXContainerItemProxy */ = {
			isa = PBXContainerItemProxy;
			containerPortal = 9A986DD82AAAED0700F3A95E /* Project object */;
			proxyType = 1;
			remoteGlobalIDString = 9A986DDF2AAAED0700F3A95E;
			remoteInfo = Keysoc;
		};
/* End PBXContainerItemProxy section */

/* Begin PBXFileReference section */
		9A986DE02AAAED0700F3A95E /* Keysoc.app */ = {isa = PBXFileReference; explicitFileType = wrapper.application; includeInIndex = 0; path = Keysoc.app; sourceTree = BUILT_PRODUCTS_DIR; };
		9A986DE32AAAED0700F3A95E /* AppDelegate.swift */ = {isa = PBXFileReference; lastKnownFileType = sourcecode.swift; path = AppDelegate.swift; sourceTree = "<group>"; };
		9A986DE52AAAED0700F3A95E /* SceneDelegate.swift */ = {isa = PBXFileReference; lastKnownFileType = sourcecode.swift; path = SceneDelegate.swift; sourceTree = "<group>"; };
		9A986DE72AAAED0700F3A95E /* ViewController.swift */ = {isa = PBXFileReference; lastKnownFileType = sourcecode.swift; path = ViewController.swift; sourceTree = "<group>"; };
		9A986DEA2AAAED0700F3A95E /* Base */ = {isa = PBXFileReference; lastKnownFileType = file.storyboard; name = Base; path = Base.lproj/Main.storyboard; sourceTree = "<group>"; };
		9A986DEC2AAAED0800F3A95E /* Assets.xcassets */ = {isa = PBXFileReference; lastKnownFileType = folder.assetcatalog; path = Assets.xcassets; sourceTree = "<group>"; };
		9A986DEF2AAAED0800F3A95E /* Base */ = {isa = PBXFileReference; lastKnownFileType = file.storyboard; name = Base; path = Base.lproj/LaunchScreen.storyboard; sourceTree = "<group>"; };
		9A986DF12AAAED0800F3A95E /* Info.plist */ = {isa = PBXFileReference; lastKnownFileType = text.plist.xml; path = Info.plist; sourceTree = "<group>"; };
		9A986DF62AAAED0800F3A95E /* KeysocTests.xctest */ = {isa = PBXFileReference; explicitFileType = wrapper.cfbundle; includeInIndex = 0; path = KeysocTests.xctest; sourceTree = BUILT_PRODUCTS_DIR; };
		9A986DFA2AAAED0800F3A95E /* KeysocTests.swift */ = {isa = PBXFileReference; lastKnownFileType = sourcecode.swift; path = KeysocTests.swift; sourceTree = "<group>"; };
		9A986E002AAAED0800F3A95E /* KeysocUITests.xctest */ = {isa = PBXFileReference; explicitFileType = wrapper.cfbundle; includeInIndex = 0; path = KeysocUITests.xctest; sourceTree = BUILT_PRODUCTS_DIR; };
		9A986E042AAAED0800F3A95E /* KeysocUITests.swift */ = {isa = PBXFileReference; lastKnownFileType = sourcecode.swift; path = KeysocUITests.swift; sourceTree = "<group>"; };
		9A986E062AAAED0800F3A95E /* KeysocUITestsLaunchTests.swift */ = {isa = PBXFileReference; lastKnownFileType = sourcecode.swift; path = KeysocUITestsLaunchTests.swift; sourceTree = "<group>"; };
		9A986E132AAAEEDF00F3A95E /* searchViewController.swift */ = {isa = PBXFileReference; lastKnownFileType = sourcecode.swift; path = searchViewController.swift; sourceTree = "<group>"; };
		9A986E162AAAF05E00F3A95E /* songObject.swift */ = {isa = PBXFileReference; lastKnownFileType = sourcecode.swift; path = songObject.swift; sourceTree = "<group>"; };
		9A986E182AAB0D2800F3A95E /* favViewController.swift */ = {isa = PBXFileReference; lastKnownFileType = sourcecode.swift; path = favViewController.swift; sourceTree = "<group>"; };
		9A986E1A2AAB1A1700F3A95E /* filterViewController.swift */ = {isa = PBXFileReference; lastKnownFileType = sourcecode.swift; path = filterViewController.swift; sourceTree = "<group>"; };
		9A986E1C2AAB312A00F3A95E /* zh-Hant */ = {isa = PBXFileReference; lastKnownFileType = text.plist.strings; name = "zh-Hant"; path = "zh-Hant.lproj/Main.strings"; sourceTree = "<group>"; };
		9A986E1D2AAB312A00F3A95E /* zh-Hant */ = {isa = PBXFileReference; lastKnownFileType = text.plist.strings; name = "zh-Hant"; path = "zh-Hant.lproj/LaunchScreen.strings"; sourceTree = "<group>"; };
		9A986E1E2AAB313200F3A95E /* zh-Hans */ = {isa = PBXFileReference; lastKnownFileType = text.plist.strings; name = "zh-Hans"; path = "zh-Hans.lproj/Main.strings"; sourceTree = "<group>"; };
		9A986E1F2AAB313200F3A95E /* zh-Hans */ = {isa = PBXFileReference; lastKnownFileType = text.plist.strings; name = "zh-Hans"; path = "zh-Hans.lproj/LaunchScreen.strings"; sourceTree = "<group>"; };
/* End PBXFileReference section */

/* Begin PBXFrameworksBuildPhase section */
		9A986DDD2AAAED0700F3A95E /* Frameworks */ = {
			isa = PBXFrameworksBuildPhase;
			buildActionMask = 2147483647;
			files = (
			);
			runOnlyForDeploymentPostprocessing = 0;
		};
		9A986DF32AAAED0800F3A95E /* Frameworks */ = {
			isa = PBXFrameworksBuildPhase;
			buildActionMask = 2147483647;
			files = (
			);
			runOnlyForDeploymentPostprocessing = 0;
		};
		9A986DFD2AAAED0800F3A95E /* Frameworks */ = {
			isa = PBXFrameworksBuildPhase;
			buildActionMask = 2147483647;
			files = (
			);
			runOnlyForDeploymentPostprocessing = 0;
		};
/* End PBXFrameworksBuildPhase section */

/* Begin PBXGroup section */
		9A986DD72AAAED0700F3A95E = {
			isa = PBXGroup;
			children = (
				9A986DE22AAAED0700F3A95E /* Keysoc */,
				9A986DF92AAAED0800F3A95E /* KeysocTests */,
				9A986E032AAAED0800F3A95E /* KeysocUITests */,
				9A986DE12AAAED0700F3A95E /* Products */,
			);
			sourceTree = "<group>";
		};
		9A986DE12AAAED0700F3A95E /* Products */ = {
			isa = PBXGroup;
			children = (
				9A986DE02AAAED0700F3A95E /* Keysoc.app */,
				9A986DF62AAAED0800F3A95E /* KeysocTests.xctest */,
				9A986E002AAAED0800F3A95E /* KeysocUITests.xctest */,
			);
			name = Products;
			sourceTree = "<group>";
		};
		9A986DE22AAAED0700F3A95E /* Keysoc */ = {
			isa = PBXGroup;
			children = (
				9A986E152AAAF05200F3A95E /* Model */,
				9A986DE32AAAED0700F3A95E /* AppDelegate.swift */,
				9A986DE52AAAED0700F3A95E /* SceneDelegate.swift */,
				9A986DE72AAAED0700F3A95E /* ViewController.swift */,
				9A986DE92AAAED0700F3A95E /* Main.storyboard */,
				9A986DEC2AAAED0800F3A95E /* Assets.xcassets */,
				9A986DEE2AAAED0800F3A95E /* LaunchScreen.storyboard */,
				9A986DF12AAAED0800F3A95E /* Info.plist */,
				9A986E132AAAEEDF00F3A95E /* searchViewController.swift */,
				9A986E182AAB0D2800F3A95E /* favViewController.swift */,
				9A986E1A2AAB1A1700F3A95E /* filterViewController.swift */,
			);
			path = Keysoc;
			sourceTree = "<group>";
		};
		9A986DF92AAAED0800F3A95E /* KeysocTests */ = {
			isa = PBXGroup;
			children = (
				9A986DFA2AAAED0800F3A95E /* KeysocTests.swift */,
			);
			path = KeysocTests;
			sourceTree = "<group>";
		};
		9A986E032AAAED0800F3A95E /* KeysocUITests */ = {
			isa = PBXGroup;
			children = (
				9A986E042AAAED0800F3A95E /* KeysocUITests.swift */,
				9A986E062AAAED0800F3A95E /* KeysocUITestsLaunchTests.swift */,
			);
			path = KeysocUITests;
			sourceTree = "<group>";
		};
		9A986E152AAAF05200F3A95E /* Model */ = {
			isa = PBXGroup;
			children = (
				9A986E162AAAF05E00F3A95E /* songObject.swift */,
			);
			path = Model;
			sourceTree = "<group>";
		};
/* End PBXGroup section */

/* Begin PBXNativeTarget section */
		9A986DDF2AAAED0700F3A95E /* Keysoc */ = {
			isa = PBXNativeTarget;
			buildConfigurationList = 9A986E0A2AAAED0800F3A95E /* Build configuration list for PBXNativeTarget "Keysoc" */;
			buildPhases = (
				9A986DDC2AAAED0700F3A95E /* Sources */,
				9A986DDD2AAAED0700F3A95E /* Frameworks */,
				9A986DDE2AAAED0700F3A95E /* Resources */,
			);
			buildRules = (
			);
			dependencies = (
			);
			name = Keysoc;
			productName = Keysoc;
			productReference = 9A986DE02AAAED0700F3A95E /* Keysoc.app */;
			productType = "com.apple.product-type.application";
		};
		9A986DF52AAAED0800F3A95E /* KeysocTests */ = {
			isa = PBXNativeTarget;
			buildConfigurationList = 9A986E0D2AAAED0800F3A95E /* Build configuration list for PBXNativeTarget "KeysocTests" */;
			buildPhases = (
				9A986DF22AAAED0800F3A95E /* Sources */,
				9A986DF32AAAED0800F3A95E /* Frameworks */,
				9A986DF42AAAED0800F3A95E /* Resources */,
			);
			buildRules = (
			);
			dependencies = (
				9A986DF82AAAED0800F3A95E /* PBXTargetDependency */,
			);
			name = KeysocTests;
			productName = KeysocTests;
			productReference = 9A986DF62AAAED0800F3A95E /* KeysocTests.xctest */;
			productType = "com.apple.product-type.bundle.unit-test";
		};
		9A986DFF2AAAED0800F3A95E /* KeysocUITests */ = {
			isa = PBXNativeTarget;
			buildConfigurationList = 9A986E102AAAED0800F3A95E /* Build configuration list for PBXNativeTarget "KeysocUITests" */;
			buildPhases = (
				9A986DFC2AAAED0800F3A95E /* Sources */,
				9A986DFD2AAAED0800F3A95E /* Frameworks */,
				9A986DFE2AAAED0800F3A95E /* Resources */,
			);
			buildRules = (
			);
			dependencies = (
				9A986E022AAAED0800F3A95E /* PBXTargetDependency */,
			);
			name = KeysocUITests;
			productName = KeysocUITests;
			productReference = 9A986E002AAAED0800F3A95E /* KeysocUITests.xctest */;
			productType = "com.apple.product-type.bundle.ui-testing";
		};
/* End PBXNativeTarget section */

/* Begin PBXProject section */
		9A986DD82AAAED0700F3A95E /* Project object */ = {
			isa = PBXProject;
			attributes = {
				BuildIndependentTargetsInParallel = 1;
				LastSwiftUpdateCheck = 1430;
				LastUpgradeCheck = 1430;
				TargetAttributes = {
					9A986DDF2AAAED0700F3A95E = {
						CreatedOnToolsVersion = 14.3.1;
					};
					9A986DF52AAAED0800F3A95E = {
						CreatedOnToolsVersion = 14.3.1;
						TestTargetID = 9A986DDF2AAAED0700F3A95E;
					};
					9A986DFF2AAAED0800F3A95E = {
						CreatedOnToolsVersion = 14.3.1;
						TestTargetID = 9A986DDF2AAAED0700F3A95E;
					};
				};
			};
			buildConfigurationList = 9A986DDB2AAAED0700F3A95E /* Build configuration list for PBXProject "Keysoc" */;
			compatibilityVersion = "Xcode 14.0";
			developmentRegion = en;
			hasScannedForEncodings = 0;
			knownRegions = (
				en,
				Base,
				"zh-Hant",
				"zh-Hans",
			);
			mainGroup = 9A986DD72AAAED0700F3A95E;
			productRefGroup = 9A986DE12AAAED0700F3A95E /* Products */;
			projectDirPath = "";
			projectRoot = "";
			targets = (
				9A986DDF2AAAED0700F3A95E /* Keysoc */,
				9A986DF52AAAED0800F3A95E /* KeysocTests */,
				9A986DFF2AAAED0800F3A95E /* KeysocUITests */,
			);
		};
/* End PBXProject section */

/* Begin PBXResourcesBuildPhase section */
		9A986DDE2AAAED0700F3A95E /* Resources */ = {
			isa = PBXResourcesBuildPhase;
			buildActionMask = 2147483647;
			files = (
				9A986DF02AAAED0800F3A95E /* LaunchScreen.storyboard in Resources */,
				9A986DED2AAAED0800F3A95E /* Assets.xcassets in Resources */,
				9A986DEB2AAAED0700F3A95E /* Main.storyboard in Resources */,
			);
			runOnlyForDeploymentPostprocessing = 0;
		};
		9A986DF42AAAED0800F3A95E /* Resources */ = {
			isa = PBXResourcesBuildPhase;
			buildActionMask = 2147483647;
			files = (
			);
			runOnlyForDeploymentPostprocessing = 0;
		};
		9A986DFE2AAAED0800F3A95E /* Resources */ = {
			isa = PBXResourcesBuildPhase;
			buildActionMask = 2147483647;
			files = (
			);
			runOnlyForDeploymentPostprocessing = 0;
		};
/* End PBXResourcesBuildPhase section */

/* Begin PBXSourcesBuildPhase section */
		9A986DDC2AAAED0700F3A95E /* Sources */ = {
			isa = PBXSourcesBuildPhase;
			buildActionMask = 2147483647;
			files = (
				9A986E172AAAF05E00F3A95E /* songObject.swift in Sources */,
				9A986DE82AAAED0700F3A95E /* ViewController.swift in Sources */,
				9A986DE42AAAED0700F3A95E /* AppDelegate.swift in Sources */,
				9A986E142AAAEEDF00F3A95E /* searchViewController.swift in Sources */,
				9A986E192AAB0D2800F3A95E /* favViewController.swift in Sources */,
				9A986DE62AAAED0700F3A95E /* SceneDelegate.swift in Sources */,
				9A986E1B2AAB1A1700F3A95E /* filterViewController.swift in Sources */,
			);
			runOnlyForDeploymentPostprocessing = 0;
		};
		9A986DF22AAAED0800F3A95E /* Sources */ = {
			isa = PBXSourcesBuildPhase;
			buildActionMask = 2147483647;
			files = (
				9A986DFB2AAAED0800F3A95E /* KeysocTests.swift in Sources */,
			);
			runOnlyForDeploymentPostprocessing = 0;
		};
		9A986DFC2AAAED0800F3A95E /* Sources */ = {
			isa = PBXSourcesBuildPhase;
			buildActionMask = 2147483647;
			files = (
				9A986E072AAAED0800F3A95E /* KeysocUITestsLaunchTests.swift in Sources */,
				9A986E052AAAED0800F3A95E /* KeysocUITests.swift in Sources */,
			);
			runOnlyForDeploymentPostprocessing = 0;
		};
/* End PBXSourcesBuildPhase section */

/* Begin PBXTargetDependency section */
		9A986DF82AAAED0800F3A95E /* PBXTargetDependency */ = {
			isa = PBXTargetDependency;
			target = 9A986DDF2AAAED0700F3A95E /* Keysoc */;
			targetProxy = 9A986DF72AAAED0800F3A95E /* PBXContainerItemProxy */;
		};
		9A986E022AAAED0800F3A95E /* PBXTargetDependency */ = {
			isa = PBXTargetDependency;
			target = 9A986DDF2AAAED0700F3A95E /* Keysoc */;
			targetProxy = 9A986E012AAAED0800F3A95E /* PBXContainerItemProxy */;
		};
/* End PBXTargetDependency section */

/* Begin PBXVariantGroup section */
		9A986DE92AAAED0700F3A95E /* Main.storyboard */ = {
			isa = PBXVariantGroup;
			children = (
				9A986DEA2AAAED0700F3A95E /* Base */,
				9A986E1C2AAB312A00F3A95E /* zh-Hant */,
				9A986E1E2AAB313200F3A95E /* zh-Hans */,
			);
			name = Main.storyboard;
			sourceTree = "<group>";
		};
		9A986DEE2AAAED0800F3A95E /* LaunchScreen.storyboard */ = {
			isa = PBXVariantGroup;
			children = (
				9A986DEF2AAAED0800F3A95E /* Base */,
				9A986E1D2AAB312A00F3A95E /* zh-Hant */,
				9A986E1F2AAB313200F3A95E /* zh-Hans */,
			);
			name = LaunchScreen.storyboard;
			sourceTree = "<group>";
		};
/* End PBXVariantGroup section */

/* Begin XCBuildConfiguration section */
		9A986E082AAAED0800F3A95E /* Debug */ = {
			isa = XCBuildConfiguration;
			buildSettings = {
				ALWAYS_SEARCH_USER_PATHS = NO;
				CLANG_ANALYZER_LOCALIZABILITY_NONLOCALIZED = YES;
				CLANG_ANALYZER_NONNULL = YES;
				CLANG_ANALYZER_NUMBER_OBJECT_CONVERSION = YES_AGGRESSIVE;
				CLANG_CXX_LANGUAGE_STANDARD = "gnu++20";
				CLANG_ENABLE_MODULES = YES;
				CLANG_ENABLE_OBJC_ARC = YES;
				CLANG_ENABLE_OBJC_WEAK = YES;
				CLANG_WARN_BLOCK_CAPTURE_AUTORELEASING = YES;
				CLANG_WARN_BOOL_CONVERSION = YES;
				CLANG_WARN_COMMA = YES;
				CLANG_WARN_CONSTANT_CONVERSION = YES;
				CLANG_WARN_DEPRECATED_OBJC_IMPLEMENTATIONS = YES;
				CLANG_WARN_DIRECT_OBJC_ISA_USAGE = YES_ERROR;
				CLANG_WARN_DOCUMENTATION_COMMENTS = YES;
				CLANG_WARN_EMPTY_BODY = YES;
				CLANG_WARN_ENUM_CONVERSION = YES;
				CLANG_WARN_INFINITE_RECURSION = YES;
				CLANG_WARN_INT_CONVERSION = YES;
				CLANG_WARN_NON_LITERAL_NULL_CONVERSION = YES;
				CLANG_WARN_OBJC_IMPLICIT_RETAIN_SELF = YES;
				CLANG_WARN_OBJC_LITERAL_CONVERSION = YES;
				CLANG_WARN_OBJC_ROOT_CLASS = YES_ERROR;
				CLANG_WARN_QUOTED_INCLUDE_IN_FRAMEWORK_HEADER = YES;
				CLANG_WARN_RANGE_LOOP_ANALYSIS = YES;
				CLANG_WARN_STRICT_PROTOTYPES = YES;
				CLANG_WARN_SUSPICIOUS_MOVE = YES;
				CLANG_WARN_UNGUARDED_AVAILABILITY = YES_AGGRESSIVE;
				CLANG_WARN_UNREACHABLE_CODE = YES;
				CLANG_WARN__DUPLICATE_METHOD_MATCH = YES;
				COPY_PHASE_STRIP = NO;
				DEBUG_INFORMATION_FORMAT = dwarf;
				ENABLE_STRICT_OBJC_MSGSEND = YES;
				ENABLE_TESTABILITY = YES;
				GCC_C_LANGUAGE_STANDARD = gnu11;
				GCC_DYNAMIC_NO_PIC = NO;
				GCC_NO_COMMON_BLOCKS = YES;
				GCC_OPTIMIZATION_LEVEL = 0;
				GCC_PREPROCESSOR_DEFINITIONS = (
					"DEBUG=1",
					"$(inherited)",
				);
				GCC_WARN_64_TO_32_BIT_CONVERSION = YES;
				GCC_WARN_ABOUT_RETURN_TYPE = YES_ERROR;
				GCC_WARN_UNDECLARED_SELECTOR = YES;
				GCC_WARN_UNINITIALIZED_AUTOS = YES_AGGRESSIVE;
				GCC_WARN_UNUSED_FUNCTION = YES;
				GCC_WARN_UNUSED_VARIABLE = YES;
				IPHONEOS_DEPLOYMENT_TARGET = 16.4;
				MTL_ENABLE_DEBUG_INFO = INCLUDE_SOURCE;
				MTL_FAST_MATH = YES;
				ONLY_ACTIVE_ARCH = YES;
				SDKROOT = iphoneos;
				SWIFT_ACTIVE_COMPILATION_CONDITIONS = DEBUG;
				SWIFT_OPTIMIZATION_LEVEL = "-Onone";
			};
			name = Debug;
		};
		9A986E092AAAED0800F3A95E /* Release */ = {
			isa = XCBuildConfiguration;
			buildSettings = {
				ALWAYS_SEARCH_USER_PATHS = NO;
				CLANG_ANALYZER_LOCALIZABILITY_NONLOCALIZED = YES;
				CLANG_ANALYZER_NONNULL = YES;
				CLANG_ANALYZER_NUMBER_OBJECT_CONVERSION = YES_AGGRESSIVE;
				CLANG_CXX_LANGUAGE_STANDARD = "gnu++20";
				CLANG_ENABLE_MODULES = YES;
				CLANG_ENABLE_OBJC_ARC = YES;
				CLANG_ENABLE_OBJC_WEAK = YES;
				CLANG_WARN_BLOCK_CAPTURE_AUTORELEASING = YES;
				CLANG_WARN_BOOL_CONVERSION = YES;
				CLANG_WARN_COMMA = YES;
				CLANG_WARN_CONSTANT_CONVERSION = YES;
				CLANG_WARN_DEPRECATED_OBJC_IMPLEMENTATIONS = YES;
				CLANG_WARN_DIRECT_OBJC_ISA_USAGE = YES_ERROR;
				CLANG_WARN_DOCUMENTATION_COMMENTS = YES;
				CLANG_WARN_EMPTY_BODY = YES;
				CLANG_WARN_ENUM_CONVERSION = YES;
				CLANG_WARN_INFINITE_RECURSION = YES;
				CLANG_WARN_INT_CONVERSION = YES;
				CLANG_WARN_NON_LITERAL_NULL_CONVERSION = YES;
				CLANG_WARN_OBJC_IMPLICIT_RETAIN_SELF = YES;
				CLANG_WARN_OBJC_LITERAL_CONVERSION = YES;
				CLANG_WARN_OBJC_ROOT_CLASS = YES_ERROR;
				CLANG_WARN_QUOTED_INCLUDE_IN_FRAMEWORK_HEADER = YES;
				CLANG_WARN_RANGE_LOOP_ANALYSIS = YES;
				CLANG_WARN_STRICT_PROTOTYPES = YES;
				CLANG_WARN_SUSPICIOUS_MOVE = YES;
				CLANG_WARN_UNGUARDED_AVAILABILITY = YES_AGGRESSIVE;
				CLANG_WARN_UNREACHABLE_CODE = YES;
				CLANG_WARN__DUPLICATE_METHOD_MATCH = YES;
				COPY_PHASE_STRIP = NO;
				DEBUG_INFORMATION_FORMAT = "dwarf-with-dsym";
				ENABLE_NS_ASSERTIONS = NO;
				ENABLE_STRICT_OBJC_MSGSEND = YES;
				GCC_C_LANGUAGE_STANDARD = gnu11;
				GCC_NO_COMMON_BLOCKS = YES;
				GCC_WARN_64_TO_32_BIT_CONVERSION = YES;
				GCC_WARN_ABOUT_RETURN_TYPE = YES_ERROR;
				GCC_WARN_UNDECLARED_SELECTOR = YES;
				GCC_WARN_UNINITIALIZED_AUTOS = YES_AGGRESSIVE;
				GCC_WARN_UNUSED_FUNCTION = YES;
				GCC_WARN_UNUSED_VARIABLE = YES;
				IPHONEOS_DEPLOYMENT_TARGET = 16.4;
				MTL_ENABLE_DEBUG_INFO = NO;
				MTL_FAST_MATH = YES;
				SDKROOT = iphoneos;
				SWIFT_COMPILATION_MODE = wholemodule;
				SWIFT_OPTIMIZATION_LEVEL = "-O";
				VALIDATE_PRODUCT = YES;
			};
			name = Release;
		};
		9A986E0B2AAAED0800F3A95E /* Debug */ = {
			isa = XCBuildConfiguration;
			buildSettings = {
				ASSETCATALOG_COMPILER_APPICON_NAME = AppIcon;
				ASSETCATALOG_COMPILER_GLOBAL_ACCENT_COLOR_NAME = AccentColor;
				CODE_SIGN_STYLE = Automatic;
				CURRENT_PROJECT_VERSION = 1;
				DEVELOPMENT_TEAM = DYL74K5623;
				GENERATE_INFOPLIST_FILE = YES;
				INFOPLIST_FILE = Keysoc/Info.plist;
				INFOPLIST_KEY_UIApplicationSupportsIndirectInputEvents = YES;
				INFOPLIST_KEY_UILaunchStoryboardName = LaunchScreen;
				INFOPLIST_KEY_UIMainStoryboardFile = Main;
				INFOPLIST_KEY_UISupportedInterfaceOrientations_iPad = "UIInterfaceOrientationPortrait UIInterfaceOrientationPortraitUpsideDown UIInterfaceOrientationLandscapeLeft UIInterfaceOrientationLandscapeRight";
				INFOPLIST_KEY_UISupportedInterfaceOrientations_iPhone = "UIInterfaceOrientationPortrait UIInterfaceOrientationLandscapeLeft UIInterfaceOrientationLandscapeRight";
				IPHONEOS_DEPLOYMENT_TARGET = 13.0;
				LD_RUNPATH_SEARCH_PATHS = (
					"$(inherited)",
					"@executable_path/Frameworks",
				);
				MARKETING_VERSION = 1.0;
				PRODUCT_BUNDLE_IDENTIFIER = com.wts.Keysoc;
				PRODUCT_NAME = "$(TARGET_NAME)";
				SWIFT_EMIT_LOC_STRINGS = YES;
				SWIFT_VERSION = 5.0;
				TARGETED_DEVICE_FAMILY = "1,2";
			};
			name = Debug;
		};
		9A986E0C2AAAED0800F3A95E /* Release */ = {
			isa = XCBuildConfiguration;
			buildSettings = {
				ASSETCATALOG_COMPILER_APPICON_NAME = AppIcon;
				ASSETCATALOG_COMPILER_GLOBAL_ACCENT_COLOR_NAME = AccentColor;
				CODE_SIGN_STYLE = Automatic;
				CURRENT_PROJECT_VERSION = 1;
				DEVELOPMENT_TEAM = DYL74K5623;
				GENERATE_INFOPLIST_FILE = YES;
				INFOPLIST_FILE = Keysoc/Info.plist;
				INFOPLIST_KEY_UIApplicationSupportsIndirectInputEvents = YES;
				INFOPLIST_KEY_UILaunchStoryboardName = LaunchScreen;
				INFOPLIST_KEY_UIMainStoryboardFile = Main;
				INFOPLIST_KEY_UISupportedInterfaceOrientations_iPad = "UIInterfaceOrientationPortrait UIInterfaceOrientationPortraitUpsideDown UIInterfaceOrientationLandscapeLeft UIInterfaceOrientationLandscapeRight";
				INFOPLIST_KEY_UISupportedInterfaceOrientations_iPhone = "UIInterfaceOrientationPortrait UIInterfaceOrientationLandscapeLeft UIInterfaceOrientationLandscapeRight";
				IPHONEOS_DEPLOYMENT_TARGET = 13.0;
				LD_RUNPATH_SEARCH_PATHS = (
					"$(inherited)",
					"@executable_path/Frameworks",
				);
				MARKETING_VERSION = 1.0;
				PRODUCT_BUNDLE_IDENTIFIER = com.wts.Keysoc;
				PRODUCT_NAME = "$(TARGET_NAME)";
				SWIFT_EMIT_LOC_STRINGS = YES;
				SWIFT_VERSION = 5.0;
				TARGETED_DEVICE_FAMILY = "1,2";
			};
			name = Release;
		};
		9A986E0E2AAAED0800F3A95E /* Debug */ = {
			isa = XCBuildConfiguration;
			buildSettings = {
				ALWAYS_EMBED_SWIFT_STANDARD_LIBRARIES = YES;
				BUNDLE_LOADER = "$(TEST_HOST)";
				CODE_SIGN_STYLE = Automatic;
				CURRENT_PROJECT_VERSION = 1;
				DEVELOPMENT_TEAM = DYL74K5623;
				GENERATE_INFOPLIST_FILE = YES;
				IPHONEOS_DEPLOYMENT_TARGET = 16.4;
				MARKETING_VERSION = 1.0;
				PRODUCT_BUNDLE_IDENTIFIER = com.wts.KeysocTests;
				PRODUCT_NAME = "$(TARGET_NAME)";
				SWIFT_EMIT_LOC_STRINGS = NO;
				SWIFT_VERSION = 5.0;
				TARGETED_DEVICE_FAMILY = "1,2";
				TEST_HOST = "$(BUILT_PRODUCTS_DIR)/Keysoc.app/$(BUNDLE_EXECUTABLE_FOLDER_PATH)/Keysoc";
			};
			name = Debug;
		};
		9A986E0F2AAAED0800F3A95E /* Release */ = {
			isa = XCBuildConfiguration;
			buildSettings = {
				ALWAYS_EMBED_SWIFT_STANDARD_LIBRARIES = YES;
				BUNDLE_LOADER = "$(TEST_HOST)";
				CODE_SIGN_STYLE = Automatic;
				CURRENT_PROJECT_VERSION = 1;
				DEVELOPMENT_TEAM = DYL74K5623;
				GENERATE_INFOPLIST_FILE = YES;
				IPHONEOS_DEPLOYMENT_TARGET = 16.4;
				MARKETING_VERSION = 1.0;
				PRODUCT_BUNDLE_IDENTIFIER = com.wts.KeysocTests;
				PRODUCT_NAME = "$(TARGET_NAME)";
				SWIFT_EMIT_LOC_STRINGS = NO;
				SWIFT_VERSION = 5.0;
				TARGETED_DEVICE_FAMILY = "1,2";
				TEST_HOST = "$(BUILT_PRODUCTS_DIR)/Keysoc.app/$(BUNDLE_EXECUTABLE_FOLDER_PATH)/Keysoc";
			};
			name = Release;
		};
		9A986E112AAAED0800F3A95E /* Debug */ = {
			isa = XCBuildConfiguration;
			buildSettings = {
				ALWAYS_EMBED_SWIFT_STANDARD_LIBRARIES = YES;
				CODE_SIGN_STYLE = Automatic;
				CURRENT_PROJECT_VERSION = 1;
				DEVELOPMENT_TEAM = DYL74K5623;
				GENERATE_INFOPLIST_FILE = YES;
				MARKETING_VERSION = 1.0;
				PRODUCT_BUNDLE_IDENTIFIER = com.wts.KeysocUITests;
				PRODUCT_NAME = "$(TARGET_NAME)";
				SWIFT_EMIT_LOC_STRINGS = NO;
				SWIFT_VERSION = 5.0;
				TARGETED_DEVICE_FAMILY = "1,2";
				TEST_TARGET_NAME = Keysoc;
			};
			name = Debug;
		};
		9A986E122AAAED0800F3A95E /* Release */ = {
			isa = XCBuildConfiguration;
			buildSettings = {
				ALWAYS_EMBED_SWIFT_STANDARD_LIBRARIES = YES;
				CODE_SIGN_STYLE = Automatic;
				CURRENT_PROJECT_VERSION = 1;
				DEVELOPMENT_TEAM = DYL74K5623;
				GENERATE_INFOPLIST_FILE = YES;
				MARKETING_VERSION = 1.0;
				PRODUCT_BUNDLE_IDENTIFIER = com.wts.KeysocUITests;
				PRODUCT_NAME = "$(TARGET_NAME)";
				SWIFT_EMIT_LOC_STRINGS = NO;
				SWIFT_VERSION = 5.0;
				TARGETED_DEVICE_FAMILY = "1,2";
				TEST_TARGET_NAME = Keysoc;
			};
			name = Release;
		};
/* End XCBuildConfiguration section */

/* Begin XCConfigurationList section */
		9A986DDB2AAAED0700F3A95E /* Build configuration list for PBXProject "Keysoc" */ = {
			isa = XCConfigurationList;
			buildConfigurations = (
				9A986E082AAAED0800F3A95E /* Debug */,
				9A986E092AAAED0800F3A95E /* Release */,
			);
			defaultConfigurationIsVisible = 0;
			defaultConfigurationName = Release;
		};
		9A986E0A2AAAED0800F3A95E /* Build configuration list for PBXNativeTarget "Keysoc" */ = {
			isa = XCConfigurationList;
			buildConfigurations = (
				9A986E0B2AAAED0800F3A95E /* Debug */,
				9A986E0C2AAAED0800F3A95E /* Release */,
			);
			defaultConfigurationIsVisible = 0;
			defaultConfigurationName = Release;
		};
		9A986E0D2AAAED0800F3A95E /* Build configuration list for PBXNativeTarget "KeysocTests" */ = {
			isa = XCConfigurationList;
			buildConfigurations = (
				9A986E0E2AAAED0800F3A95E /* Debug */,
				9A986E0F2AAAED0800F3A95E /* Release */,
			);
			defaultConfigurationIsVisible = 0;
			defaultConfigurationName = Release;
		};
		9A986E102AAAED0800F3A95E /* Build configuration list for PBXNativeTarget "KeysocUITests" */ = {
			isa = XCConfigurationList;
			buildConfigurations = (
				9A986E112AAAED0800F3A95E /* Debug */,
				9A986E122AAAED0800F3A95E /* Release */,
			);
			defaultConfigurationIsVisible = 0;
			defaultConfigurationName = Release;
		};
/* End XCConfigurationList section */
	};
	rootObject = 9A986DD82AAAED0700F3A95E /* Project object */;
}
